// !$*UTF8*$!
{
	archiveVersion = 1;
	classes = {
	};
	objectVersion = 48;
	objects = {

/* Begin PBXBuildFile section */
		F8FA7DD52016D231008A7BA1 /* AppDelegate.swift in Sources */ = {isa = PBXBuildFile; fileRef = F8FA7DD42016D231008A7BA1 /* AppDelegate.swift */; };
		F8FA7DD72016D231008A7BA1 /* ViewController.swift in Sources */ = {isa = PBXBuildFile; fileRef = F8FA7DD62016D231008A7BA1 /* ViewController.swift */; };
		F8FA7DDA2016D231008A7BA1 /* Main.storyboard in Resources */ = {isa = PBXBuildFile; fileRef = F8FA7DD82016D231008A7BA1 /* Main.storyboard */; };
		F8FA7DDC2016D231008A7BA1 /* Assets.xcassets in Resources */ = {isa = PBXBuildFile; fileRef = F8FA7DDB2016D231008A7BA1 /* Assets.xcassets */; };
		F8FA7DDF2016D231008A7BA1 /* LaunchScreen.storyboard in Resources */ = {isa = PBXBuildFile; fileRef = F8FA7DDD2016D231008A7BA1 /* LaunchScreen.storyboard */; };
		F8FA7DEA2016D231008A7BA1 /* tumblrTests.swift in Sources */ = {isa = PBXBuildFile; fileRef = F8FA7DE92016D231008A7BA1 /* tumblrTests.swift */; };
		F8FA7DF52016D232008A7BA1 /* tumblrUITests.swift in Sources */ = {isa = PBXBuildFile; fileRef = F8FA7DF42016D232008A7BA1 /* tumblrUITests.swift */; };
/* End PBXBuildFile section */

/* Begin PBXContainerItemProxy section */
		F8FA7DE62016D231008A7BA1 /* PBXContainerItemProxy */ = {
			isa = PBXContainerItemProxy;
			containerPortal = F8FA7DC92016D231008A7BA1 /* Project object */;
			proxyType = 1;
			remoteGlobalIDString = F8FA7DD02016D231008A7BA1;
			remoteInfo = tumblr;
		};
		F8FA7DF12016D232008A7BA1 /* PBXContainerItemProxy */ = {
			isa = PBXContainerItemProxy;
			containerPortal = F8FA7DC92016D231008A7BA1 /* Project object */;
			proxyType = 1;
			remoteGlobalIDString = F8FA7DD02016D231008A7BA1;
			remoteInfo = tumblr;
		};
/* End PBXContainerItemProxy section */

/* Begin PBXFileReference section */
		F8FA7DD12016D231008A7BA1 /* tumblr.app */ = {isa = PBXFileReference; explicitFileType = wrapper.application; includeInIndex = 0; path = tumblr.app; sourceTree = BUILT_PRODUCTS_DIR; };
		F8FA7DD42016D231008A7BA1 /* AppDelegate.swift */ = {isa = PBXFileReference; lastKnownFileType = sourcecode.swift; path = AppDelegate.swift; sourceTree = "<group>"; };
		F8FA7DD62016D231008A7BA1 /* ViewController.swift */ = {isa = PBXFileReference; lastKnownFileType = sourcecode.swift; path = ViewController.swift; sourceTree = "<group>"; };
		F8FA7DD92016D231008A7BA1 /* Base */ = {isa = PBXFileReference; lastKnownFileType = file.storyboard; name = Base; path = Base.lproj/Main.storyboard; sourceTree = "<group>"; };
		F8FA7DDB2016D231008A7BA1 /* Assets.xcassets */ = {isa = PBXFileReference; lastKnownFileType = folder.assetcatalog; path = Assets.xcassets; sourceTree = "<group>"; };
		F8FA7DDE2016D231008A7BA1 /* Base */ = {isa = PBXFileReference; lastKnownFileType = file.storyboard; name = Base; path = Base.lproj/LaunchScreen.storyboard; sourceTree = "<group>"; };
		F8FA7DE02016D231008A7BA1 /* Info.plist */ = {isa = PBXFileReference; lastKnownFileType = text.plist.xml; path = Info.plist; sourceTree = "<group>"; };
		F8FA7DE52016D231008A7BA1 /* tumblrTests.xctest */ = {isa = PBXFileReference; explicitFileType = wrapper.cfbundle; includeInIndex = 0; path = tumblrTests.xctest; sourceTree = BUILT_PRODUCTS_DIR; };
		F8FA7DE92016D231008A7BA1 /* tumblrTests.swift */ = {isa = PBXFileReference; lastKnownFileType = sourcecode.swift; path = tumblrTests.swift; sourceTree = "<group>"; };
		F8FA7DEB2016D232008A7BA1 /* Info.plist */ = {isa = PBXFileReference; lastKnownFileType = text.plist.xml; path = Info.plist; sourceTree = "<group>"; };
		F8FA7DF02016D232008A7BA1 /* tumblrUITests.xctest */ = {isa = PBXFileReference; explicitFileType = wrapper.cfbundle; includeInIndex = 0; path = tumblrUITests.xctest; sourceTree = BUILT_PRODUCTS_DIR; };
		F8FA7DF42016D232008A7BA1 /* tumblrUITests.swift */ = {isa = PBXFileReference; lastKnownFileType = sourcecode.swift; path = tumblrUITests.swift; sourceTree = "<group>"; };
		F8FA7DF62016D232008A7BA1 /* Info.plist */ = {isa = PBXFileReference; lastKnownFileType = text.plist.xml; path = Info.plist; sourceTree = "<group>"; };
/* End PBXFileReference section */

/* Begin PBXFrameworksBuildPhase section */
		F8FA7DCE2016D231008A7BA1 /* Frameworks */ = {
			isa = PBXFrameworksBuildPhase;
			buildActionMask = 2147483647;
			files = (
			);
			runOnlyForDeploymentPostprocessing = 0;
		};
		F8FA7DE22016D231008A7BA1 /* Frameworks */ = {
			isa = PBXFrameworksBuildPhase;
			buildActionMask = 2147483647;
			files = (
			);
			runOnlyForDeploymentPostprocessing = 0;
		};
		F8FA7DED2016D232008A7BA1 /* Frameworks */ = {
			isa = PBXFrameworksBuildPhase;
			buildActionMask = 2147483647;
			files = (
			);
			runOnlyForDeploymentPostprocessing = 0;
		};
/* End PBXFrameworksBuildPhase section */

/* Begin PBXGroup section */
		F8FA7DC82016D231008A7BA1 = {
			isa = PBXGroup;
			children = (
				F8FA7DD32016D231008A7BA1 /* tumblr */,
				F8FA7DE82016D231008A7BA1 /* tumblrTests */,
				F8FA7DF32016D232008A7BA1 /* tumblrUITests */,
				F8FA7DD22016D231008A7BA1 /* Products */,
			);
			sourceTree = "<group>";
		};
		F8FA7DD22016D231008A7BA1 /* Products */ = {
			isa = PBXGroup;
			children = (
				F8FA7DD12016D231008A7BA1 /* tumblr.app */,
				F8FA7DE52016D231008A7BA1 /* tumblrTests.xctest */,
				F8FA7DF02016D232008A7BA1 /* tumblrUITests.xctest */,
			);
			name = Products;
			sourceTree = "<group>";
		};
		F8FA7DD32016D231008A7BA1 /* tumblr */ = {
			isa = PBXGroup;
			children = (
				F8FA7DD42016D231008A7BA1 /* AppDelegate.swift */,
				F8FA7DD62016D231008A7BA1 /* ViewController.swift */,
				F8FA7DD82016D231008A7BA1 /* Main.storyboard */,
				F8FA7DDB2016D231008A7BA1 /* Assets.xcassets */,
				F8FA7DDD2016D231008A7BA1 /* LaunchScreen.storyboard */,
				F8FA7DE02016D231008A7BA1 /* Info.plist */,
			);
			path = tumblr;
			sourceTree = "<group>";
		};
		F8FA7DE82016D231008A7BA1 /* tumblrTests */ = {
			isa = PBXGroup;
			children = (
				F8FA7DE92016D231008A7BA1 /* tumblrTests.swift */,
				F8FA7DEB2016D232008A7BA1 /* Info.plist */,
			);
			path = tumblrTests;
			sourceTree = "<group>";
		};
		F8FA7DF32016D232008A7BA1 /* tumblrUITests */ = {
			isa = PBXGroup;
			children = (
				F8FA7DF42016D232008A7BA1 /* tumblrUITests.swift */,
				F8FA7DF62016D232008A7BA1 /* Info.plist */,
			);
			path = tumblrUITests;
			sourceTree = "<group>";
		};
/* End PBXGroup section */

/* Begin PBXNativeTarget section */
		F8FA7DD02016D231008A7BA1 /* tumblr */ = {
			isa = PBXNativeTarget;
			buildConfigurationList = F8FA7DF92016D232008A7BA1 /* Build configuration list for PBXNativeTarget "tumblr" */;
			buildPhases = (
				F8FA7DCD2016D231008A7BA1 /* Sources */,
				F8FA7DCE2016D231008A7BA1 /* Frameworks */,
				F8FA7DCF2016D231008A7BA1 /* Resources */,
			);
			buildRules = (
			);
			dependencies = (
			);
			name = tumblr;
			productName = tumblr;
			productReference = F8FA7DD12016D231008A7BA1 /* tumblr.app */;
			productType = "com.apple.product-type.application";
		};
		F8FA7DE42016D231008A7BA1 /* tumblrTests */ = {
			isa = PBXNativeTarget;
			buildConfigurationList = F8FA7DFC2016D232008A7BA1 /* Build configuration list for PBXNativeTarget "tumblrTests" */;
			buildPhases = (
				F8FA7DE12016D231008A7BA1 /* Sources */,
				F8FA7DE22016D231008A7BA1 /* Frameworks */,
				F8FA7DE32016D231008A7BA1 /* Resources */,
			);
			buildRules = (
			);
			dependencies = (
				F8FA7DE72016D231008A7BA1 /* PBXTargetDependency */,
			);
			name = tumblrTests;
			productName = tumblrTests;
			productReference = F8FA7DE52016D231008A7BA1 /* tumblrTests.xctest */;
			productType = "com.apple.product-type.bundle.unit-test";
		};
		F8FA7DEF2016D232008A7BA1 /* tumblrUITests */ = {
			isa = PBXNativeTarget;
			buildConfigurationList = F8FA7DFF2016D232008A7BA1 /* Build configuration list for PBXNativeTarget "tumblrUITests" */;
			buildPhases = (
				F8FA7DEC2016D232008A7BA1 /* Sources */,
				F8FA7DED2016D232008A7BA1 /* Frameworks */,
				F8FA7DEE2016D232008A7BA1 /* Resources */,
			);
			buildRules = (
			);
			dependencies = (
				F8FA7DF22016D232008A7BA1 /* PBXTargetDependency */,
			);
			name = tumblrUITests;
			productName = tumblrUITests;
			productReference = F8FA7DF02016D232008A7BA1 /* tumblrUITests.xctest */;
			productType = "com.apple.product-type.bundle.ui-testing";
		};
/* End PBXNativeTarget section */

/* Begin PBXProject section */
		F8FA7DC92016D231008A7BA1 /* Project object */ = {
			isa = PBXProject;
			attributes = {
				LastSwiftUpdateCheck = 0920;
				LastUpgradeCheck = 0920;
				ORGANIZATIONNAME = "Anish Adhikari";
				TargetAttributes = {
					F8FA7DD02016D231008A7BA1 = {
						CreatedOnToolsVersion = 9.2;
						ProvisioningStyle = Automatic;
					};
					F8FA7DE42016D231008A7BA1 = {
						CreatedOnToolsVersion = 9.2;
						ProvisioningStyle = Automatic;
						TestTargetID = F8FA7DD02016D231008A7BA1;
					};
					F8FA7DEF2016D232008A7BA1 = {
						CreatedOnToolsVersion = 9.2;
						ProvisioningStyle = Automatic;
						TestTargetID = F8FA7DD02016D231008A7BA1;
					};
				};
			};
			buildConfigurationList = F8FA7DCC2016D231008A7BA1 /* Build configuration list for PBXProject "tumblr" */;
			compatibilityVersion = "Xcode 8.0";
			developmentRegion = en;
			hasScannedForEncodings = 0;
			knownRegions = (
				en,
				Base,
			);
			mainGroup = F8FA7DC82016D231008A7BA1;
			productRefGroup = F8FA7DD22016D231008A7BA1 /* Products */;
			projectDirPath = "";
			projectRoot = "";
			targets = (
				F8FA7DD02016D231008A7BA1 /* tumblr */,
				F8FA7DE42016D231008A7BA1 /* tumblrTests */,
				F8FA7DEF2016D232008A7BA1 /* tumblrUITests */,
			);
		};
/* End PBXProject section */

/* Begin PBXResourcesBuildPhase section */
		F8FA7DCF2016D231008A7BA1 /* Resources */ = {
			isa = PBXResourcesBuildPhase;
			buildActionMask = 2147483647;
			files = (
				F8FA7DDF2016D231008A7BA1 /* LaunchScreen.storyboard in Resources */,
				F8FA7DDC2016D231008A7BA1 /* Assets.xcassets in Resources */,
				F8FA7DDA2016D231008A7BA1 /* Main.storyboard in Resources */,
			);
			runOnlyForDeploymentPostprocessing = 0;
		};
		F8FA7DE32016D231008A7BA1 /* Resources */ = {
			isa = PBXResourcesBuildPhase;
			buildActionMask = 2147483647;
			files = (
			);
			runOnlyForDeploymentPostprocessing = 0;
		};
		F8FA7DEE2016D232008A7BA1 /* Resources */ = {
			isa = PBXResourcesBuildPhase;
			buildActionMask = 2147483647;
			files = (
			);
			runOnlyForDeploymentPostprocessing = 0;
		};
/* End PBXResourcesBuildPhase section */

/* Begin PBXSourcesBuildPhase section */
		F8FA7DCD2016D231008A7BA1 /* Sources */ = {
			isa = PBXSourcesBuildPhase;
			buildActionMask = 2147483647;
			files = (
				F8FA7DD72016D231008A7BA1 /* ViewController.swift in Sources */,
				F8FA7DD52016D231008A7BA1 /* AppDelegate.swift in Sources */,
			);
			runOnlyForDeploymentPostprocessing = 0;
		};
		F8FA7DE12016D231008A7BA1 /* Sources */ = {
			isa = PBXSourcesBuildPhase;
			buildActionMask = 2147483647;
			files = (
				F8FA7DEA2016D231008A7BA1 /* tumblrTests.swift in Sources */,
			);
			runOnlyForDeploymentPostprocessing = 0;
		};
		F8FA7DEC2016D232008A7BA1 /* Sources */ = {
			isa = PBXSourcesBuildPhase;
			buildActionMask = 2147483647;
			files = (
				F8FA7DF52016D232008A7BA1 /* tumblrUITests.swift in Sources */,
			);
			runOnlyForDeploymentPostprocessing = 0;
		};
/* End PBXSourcesBuildPhase section */

/* Begin PBXTargetDependency section */
		F8FA7DE72016D231008A7BA1 /* PBXTargetDependency */ = {
			isa = PBXTargetDependency;
			target = F8FA7DD02016D231008A7BA1 /* tumblr */;
			targetProxy = F8FA7DE62016D231008A7BA1 /* PBXContainerItemProxy */;
		};
		F8FA7DF22016D232008A7BA1 /* PBXTargetDependency */ = {
			isa = PBXTargetDependency;
			target = F8FA7DD02016D231008A7BA1 /* tumblr */;
			targetProxy = F8FA7DF12016D232008A7BA1 /* PBXContainerItemProxy */;
		};
/* End PBXTargetDependency section */

/* Begin PBXVariantGroup section */
		F8FA7DD82016D231008A7BA1 /* Main.storyboard */ = {
			isa = PBXVariantGroup;
			children = (
				F8FA7DD92016D231008A7BA1 /* Base */,
			);
			name = Main.storyboard;
			sourceTree = "<group>";
		};
		F8FA7DDD2016D231008A7BA1 /* LaunchScreen.storyboard */ = {
			isa = PBXVariantGroup;
			children = (
				F8FA7DDE2016D231008A7BA1 /* Base */,
			);
			name = LaunchScreen.storyboard;
			sourceTree = "<group>";
		};
/* End PBXVariantGroup section */

/* Begin XCBuildConfiguration section */
		F8FA7DF72016D232008A7BA1 /* Debug */ = {
			isa = XCBuildConfiguration;
			buildSettings = {
				ALWAYS_SEARCH_USER_PATHS = NO;
				CLANG_ANALYZER_NONNULL = YES;
				CLANG_ANALYZER_NUMBER_OBJECT_CONVERSION = YES_AGGRESSIVE;
				CLANG_CXX_LANGUAGE_STANDARD = "gnu++14";
				CLANG_CXX_LIBRARY = "libc++";
				CLANG_ENABLE_MODULES = YES;
				CLANG_ENABLE_OBJC_ARC = YES;
				CLANG_WARN_BLOCK_CAPTURE_AUTORELEASING = YES;
				CLANG_WARN_BOOL_CONVERSION = YES;
				CLANG_WARN_COMMA = YES;
				CLANG_WARN_CONSTANT_CONVERSION = YES;
				CLANG_WARN_DIRECT_OBJC_ISA_USAGE = YES_ERROR;
				CLANG_WARN_DOCUMENTATION_COMMENTS = YES;
				CLANG_WARN_EMPTY_BODY = YES;
				CLANG_WARN_ENUM_CONVERSION = YES;
				CLANG_WARN_INFINITE_RECURSION = YES;
				CLANG_WARN_INT_CONVERSION = YES;
				CLANG_WARN_NON_LITERAL_NULL_CONVERSION = YES;
				CLANG_WARN_OBJC_LITERAL_CONVERSION = YES;
				CLANG_WARN_OBJC_ROOT_CLASS = YES_ERROR;
				CLANG_WARN_RANGE_LOOP_ANALYSIS = YES;
				CLANG_WARN_STRICT_PROTOTYPES = YES;
				CLANG_WARN_SUSPICIOUS_MOVE = YES;
				CLANG_WARN_UNGUARDED_AVAILABILITY = YES_AGGRESSIVE;
				CLANG_WARN_UNREACHABLE_CODE = YES;
				CLANG_WARN__DUPLICATE_METHOD_MATCH = YES;
				CODE_SIGN_IDENTITY = "iPhone Developer";
				COPY_PHASE_STRIP = NO;
				DEBUG_INFORMATION_FORMAT = dwarf;
				ENABLE_STRICT_OBJC_MSGSEND = YES;
				ENABLE_TESTABILITY = YES;
				GCC_C_LANGUAGE_STANDARD = gnu11;
				GCC_DYNAMIC_NO_PIC = NO;
				GCC_NO_COMMON_BLOCKS = YES;
				GCC_OPTIMIZATION_LEVEL = 0;
				GCC_PREPROCESSOR_DEFINITIONS = (
					"DEBUG=1",
					"$(inherited)",
				);
				GCC_WARN_64_TO_32_BIT_CONVERSION = YES;
				GCC_WARN_ABOUT_RETURN_TYPE = YES_ERROR;
				GCC_WARN_UNDECLARED_SELECTOR = YES;
				GCC_WARN_UNINITIALIZED_AUTOS = YES_AGGRESSIVE;
				GCC_WARN_UNUSED_FUNCTION = YES;
				GCC_WARN_UNUSED_VARIABLE = YES;
				IPHONEOS_DEPLOYMENT_TARGET = 11.2;
				MTL_ENABLE_DEBUG_INFO = YES;
				ONLY_ACTIVE_ARCH = YES;
				SDKROOT = iphoneos;
				SWIFT_ACTIVE_COMPILATION_CONDITIONS = DEBUG;
				SWIFT_OPTIMIZATION_LEVEL = "-Onone";
			};
			name = Debug;
		};
		F8FA7DF82016D232008A7BA1 /* Release */ = {
			isa = XCBuildConfiguration;
			buildSettings = {
				ALWAYS_SEARCH_USER_PATHS = NO;
				CLANG_ANALYZER_NONNULL = YES;
				CLANG_ANALYZER_NUMBER_OBJECT_CONVERSION = YES_AGGRESSIVE;
				CLANG_CXX_LANGUAGE_STANDARD = "gnu++14";
				CLANG_CXX_LIBRARY = "libc++";
				CLANG_ENABLE_MODULES = YES;
				CLANG_ENABLE_OBJC_ARC = YES;
				CLANG_WARN_BLOCK_CAPTURE_AUTORELEASING = YES;
				CLANG_WARN_BOOL_CONVERSION = YES;
				CLANG_WARN_COMMA = YES;
				CLANG_WARN_CONSTANT_CONVERSION = YES;
				CLANG_WARN_DIRECT_OBJC_ISA_USAGE = YES_ERROR;
				CLANG_WARN_DOCUMENTATION_COMMENTS = YES;
				CLANG_WARN_EMPTY_BODY = YES;
				CLANG_WARN_ENUM_CONVERSION = YES;
				CLANG_WARN_INFINITE_RECURSION = YES;
				CLANG_WARN_INT_CONVERSION = YES;
				CLANG_WARN_NON_LITERAL_NULL_CONVERSION = YES;
				CLANG_WARN_OBJC_LITERAL_CONVERSION = YES;
				CLANG_WARN_OBJC_ROOT_CLASS = YES_ERROR;
				CLANG_WARN_RANGE_LOOP_ANALYSIS = YES;
				CLANG_WARN_STRICT_PROTOTYPES = YES;
				CLANG_WARN_SUSPICIOUS_MOVE = YES;
				CLANG_WARN_UNGUARDED_AVAILABILITY = YES_AGGRESSIVE;
				CLANG_WARN_UNREACHABLE_CODE = YES;
				CLANG_WARN__DUPLICATE_METHOD_MATCH = YES;
				CODE_SIGN_IDENTITY = "iPhone Developer";
				COPY_PHASE_STRIP = NO;
				DEBUG_INFORMATION_FORMAT = "dwarf-with-dsym";
				ENABLE_NS_ASSERTIONS = NO;
				ENABLE_STRICT_OBJC_MSGSEND = YES;
				GCC_C_LANGUAGE_STANDARD = gnu11;
				GCC_NO_COMMON_BLOCKS = YES;
				GCC_WARN_64_TO_32_BIT_CONVERSION = YES;
				GCC_WARN_ABOUT_RETURN_TYPE = YES_ERROR;
				GCC_WARN_UNDECLARED_SELECTOR = YES;
				GCC_WARN_UNINITIALIZED_AUTOS = YES_AGGRESSIVE;
				GCC_WARN_UNUSED_FUNCTION = YES;
				GCC_WARN_UNUSED_VARIABLE = YES;
				IPHONEOS_DEPLOYMENT_TARGET = 11.2;
				MTL_ENABLE_DEBUG_INFO = NO;
				SDKROOT = iphoneos;
				SWIFT_OPTIMIZATION_LEVEL = "-Owholemodule";
				VALIDATE_PRODUCT = YES;
			};
			name = Release;
		};
		F8FA7DFA2016D232008A7BA1 /* Debug */ = {
			isa = XCBuildConfiguration;
			buildSettings = {
				ASSETCATALOG_COMPILER_APPICON_NAME = AppIcon;
				CODE_SIGN_STYLE = Automatic;
				DEVELOPMENT_TEAM = 6JTJHCFQH8;
				INFOPLIST_FILE = tumblr/Info.plist;
				LD_RUNPATH_SEARCH_PATHS = "$(inherited) @executable_path/Frameworks";
				PRODUCT_BUNDLE_IDENTIFIER = "Howard-University-Student.tumblr";
				PRODUCT_NAME = "$(TARGET_NAME)";
				SWIFT_VERSION = 4.0;
				TARGETED_DEVICE_FAMILY = "1,2";
			};
			name = Debug;
		};
		F8FA7DFB2016D232008A7BA1 /* Release */ = {
			isa = XCBuildConfiguration;
			buildSettings = {
				ASSETCATALOG_COMPILER_APPICON_NAME = AppIcon;
				CODE_SIGN_STYLE = Automatic;
				DEVELOPMENT_TEAM = 6JTJHCFQH8;
				INFOPLIST_FILE = tumblr/Info.plist;
				LD_RUNPATH_SEARCH_PATHS = "$(inherited) @executable_path/Frameworks";
				PRODUCT_BUNDLE_IDENTIFIER = "Howard-University-Student.tumblr";
				PRODUCT_NAME = "$(TARGET_NAME)";
				SWIFT_VERSION = 4.0;
				TARGETED_DEVICE_FAMILY = "1,2";
			};
			name = Release;
		};
		F8FA7DFD2016D232008A7BA1 /* Debug */ = {
			isa = XCBuildConfiguration;
			buildSettings = {
				ALWAYS_EMBED_SWIFT_STANDARD_LIBRARIES = YES;
				BUNDLE_LOADER = "$(TEST_HOST)";
				CODE_SIGN_STYLE = Automatic;
				DEVELOPMENT_TEAM = 6JTJHCFQH8;
				INFOPLIST_FILE = tumblrTests/Info.plist;
				LD_RUNPATH_SEARCH_PATHS = "$(inherited) @executable_path/Frameworks @loader_path/Frameworks";
				PRODUCT_BUNDLE_IDENTIFIER = "Howard-University-Student.tumblrTests";
				PRODUCT_NAME = "$(TARGET_NAME)";
				SWIFT_VERSION = 4.0;
				TARGETED_DEVICE_FAMILY = "1,2";
				TEST_HOST = "$(BUILT_PRODUCTS_DIR)/tumblr.app/tumblr";
			};
			name = Debug;
		};
		F8FA7DFE2016D232008A7BA1 /* Release */ = {
			isa = XCBuildConfiguration;
			buildSettings = {
				ALWAYS_EMBED_SWIFT_STANDARD_LIBRARIES = YES;
				BUNDLE_LOADER = "$(TEST_HOST)";
				CODE_SIGN_STYLE = Automatic;
				DEVELOPMENT_TEAM = 6JTJHCFQH8;
				INFOPLIST_FILE = tumblrTests/Info.plist;
				LD_RUNPATH_SEARCH_PATHS = "$(inherited) @executable_path/Frameworks @loader_path/Frameworks";
				PRODUCT_BUNDLE_IDENTIFIER = "Howard-University-Student.tumblrTests";
				PRODUCT_NAME = "$(TARGET_NAME)";
				SWIFT_VERSION = 4.0;
				TARGETED_DEVICE_FAMILY = "1,2";
				TEST_HOST = "$(BUILT_PRODUCTS_DIR)/tumblr.app/tumblr";
			};
			name = Release;
		};
		F8FA7E002016D232008A7BA1 /* Debug */ = {
			isa = XCBuildConfiguration;
			buildSettings = {
				ALWAYS_EMBED_SWIFT_STANDARD_LIBRARIES = YES;
				CODE_SIGN_STYLE = Automatic;
				DEVELOPMENT_TEAM = 6JTJHCFQH8;
				INFOPLIST_FILE = tumblrUITests/Info.plist;
				LD_RUNPATH_SEARCH_PATHS = "$(inherited) @executable_path/Frameworks @loader_path/Frameworks";
				PRODUCT_BUNDLE_IDENTIFIER = "Howard-University-Student.tumblrUITests";
				PRODUCT_NAME = "$(TARGET_NAME)";
				SWIFT_VERSION = 4.0;
				TARGETED_DEVICE_FAMILY = "1,2";
				TEST_TARGET_NAME = tumblr;
			};
			name = Debug;
		};
		F8FA7E012016D232008A7BA1 /* Release */ = {
			isa = XCBuildConfiguration;
			buildSettings = {
				ALWAYS_EMBED_SWIFT_STANDARD_LIBRARIES = YES;
				CODE_SIGN_STYLE = Automatic;
				DEVELOPMENT_TEAM = 6JTJHCFQH8;
				INFOPLIST_FILE = tumblrUITests/Info.plist;
				LD_RUNPATH_SEARCH_PATHS = "$(inherited) @executable_path/Frameworks @loader_path/Frameworks";
				PRODUCT_BUNDLE_IDENTIFIER = "Howard-University-Student.tumblrUITests";
				PRODUCT_NAME = "$(TARGET_NAME)";
				SWIFT_VERSION = 4.0;
				TARGETED_DEVICE_FAMILY = "1,2";
				TEST_TARGET_NAME = tumblr;
			};
			name = Release;
		};
/* End XCBuildConfiguration section */

/* Begin XCConfigurationList section */
		F8FA7DCC2016D231008A7BA1 /* Build configuration list for PBXProject "tumblr" */ = {
			isa = XCConfigurationList;
			buildConfigurations = (
				F8FA7DF72016D232008A7BA1 /* Debug */,
				F8FA7DF82016D232008A7BA1 /* Release */,
			);
			defaultConfigurationIsVisible = 0;
			defaultConfigurationName = Release;
		};
		F8FA7DF92016D232008A7BA1 /* Build configuration list for PBXNativeTarget "tumblr" */ = {
			isa = XCConfigurationList;
			buildConfigurations = (
				F8FA7DFA2016D232008A7BA1 /* Debug */,
				F8FA7DFB2016D232008A7BA1 /* Release */,
			);
			defaultConfigurationIsVisible = 0;
			defaultConfigurationName = Release;
		};
		F8FA7DFC2016D232008A7BA1 /* Build configuration list for PBXNativeTarget "tumblrTests" */ = {
			isa = XCConfigurationList;
			buildConfigurations = (
				F8FA7DFD2016D232008A7BA1 /* Debug */,
				F8FA7DFE2016D232008A7BA1 /* Release */,
			);
			defaultConfigurationIsVisible = 0;
			defaultConfigurationName = Release;
		};
		F8FA7DFF2016D232008A7BA1 /* Build configuration list for PBXNativeTarget "tumblrUITests" */ = {
			isa = XCConfigurationList;
			buildConfigurations = (
				F8FA7E002016D232008A7BA1 /* Debug */,
				F8FA7E012016D232008A7BA1 /* Release */,
			);
			defaultConfigurationIsVisible = 0;
			defaultConfigurationName = Release;
		};
/* End XCConfigurationList section */
	};
	rootObject = F8FA7DC92016D231008A7BA1 /* Project object */;
}
