// !$*UTF8*$!
{
	archiveVersion = 1;
	classes = {
	};
	objectVersion = 48;
	objects = {

/* Begin PBXBuildFile section */
		51A2637865B38AB319DF79F3 /* Pods_tumblr.framework in Frameworks */ = {isa = PBXBuildFile; fileRef = 50886EEBFC17064EBDD736D0 /* Pods_tumblr.framework */; };
		AE623BF26F1540290F483636 /* Pods_tumblrTests.framework in Frameworks */ = {isa = PBXBuildFile; fileRef = 0A2F4CB0C1B89DB6B4A9D533 /* Pods_tumblrTests.framework */; };
		EC98F8DA02E6DAC6BB843E85 /* Pods_tumblrUITests.framework in Frameworks */ = {isa = PBXBuildFile; fileRef = A46BA26BA3982F3530A86682 /* Pods_tumblrUITests.framework */; };
		F8665B58201D5E8B00D0E507 /* PhotoDetailsViewController.swift in Sources */ = {isa = PBXBuildFile; fileRef = F8665B57201D5E8B00D0E507 /* PhotoDetailsViewController.swift */; };
		F898201D202A65E900821E84 /* InfiniteScrollActivityView.swift in Sources */ = {isa = PBXBuildFile; fileRef = F898201C202A65E900821E84 /* InfiniteScrollActivityView.swift */; };
		F8D5F842201E504F008F40CC /* FullScreenPhotoViewController.swift in Sources */ = {isa = PBXBuildFile; fileRef = F8D5F841201E504F008F40CC /* FullScreenPhotoViewController.swift */; };
		F8FA7DD52016D231008A7BA1 /* AppDelegate.swift in Sources */ = {isa = PBXBuildFile; fileRef = F8FA7DD42016D231008A7BA1 /* AppDelegate.swift */; };
		F8FA7DDA2016D231008A7BA1 /* Main.storyboard in Resources */ = {isa = PBXBuildFile; fileRef = F8FA7DD82016D231008A7BA1 /* Main.storyboard */; };
		F8FA7DDC2016D231008A7BA1 /* Assets.xcassets in Resources */ = {isa = PBXBuildFile; fileRef = F8FA7DDB2016D231008A7BA1 /* Assets.xcassets */; };
		F8FA7DDF2016D231008A7BA1 /* LaunchScreen.storyboard in Resources */ = {isa = PBXBuildFile; fileRef = F8FA7DDD2016D231008A7BA1 /* LaunchScreen.storyboard */; };
		F8FA7DEA2016D231008A7BA1 /* tumblrTests.swift in Sources */ = {isa = PBXBuildFile; fileRef = F8FA7DE92016D231008A7BA1 /* tumblrTests.swift */; };
		F8FA7DF52016D232008A7BA1 /* tumblrUITests.swift in Sources */ = {isa = PBXBuildFile; fileRef = F8FA7DF42016D232008A7BA1 /* tumblrUITests.swift */; };
		F8FA7E032016D2F0008A7BA1 /* PhotosViewController.swift in Sources */ = {isa = PBXBuildFile; fileRef = F8FA7E022016D2F0008A7BA1 /* PhotosViewController.swift */; };
		F8FA7E052016D59B008A7BA1 /* PhotoCell.swift in Sources */ = {isa = PBXBuildFile; fileRef = F8FA7E042016D59B008A7BA1 /* PhotoCell.swift */; };
/* End PBXBuildFile section */

/* Begin PBXContainerItemProxy section */
		F8FA7DE62016D231008A7BA1 /* PBXContainerItemProxy */ = {
			isa = PBXContainerItemProxy;
			containerPortal = F8FA7DC92016D231008A7BA1 /* Project object */;
			proxyType = 1;
			remoteGlobalIDString = F8FA7DD02016D231008A7BA1;
			remoteInfo = tumblr;
		};
		F8FA7DF12016D232008A7BA1 /* PBXContainerItemProxy */ = {
			isa = PBXContainerItemProxy;
			containerPortal = F8FA7DC92016D231008A7BA1 /* Project object */;
			proxyType = 1;
			remoteGlobalIDString = F8FA7DD02016D231008A7BA1;
			remoteInfo = tumblr;
		};
/* End PBXContainerItemProxy section */

/* Begin PBXFileReference section */
		0A2F4CB0C1B89DB6B4A9D533 /* Pods_tumblrTests.framework */ = {isa = PBXFileReference; explicitFileType = wrapper.framework; includeInIndex = 0; path = Pods_tumblrTests.framework; sourceTree = BUILT_PRODUCTS_DIR; };
		20189AF4BC8E4EFC7FE0A38D /* Pods-tumblrTests.release.xcconfig */ = {isa = PBXFileReference; includeInIndex = 1; lastKnownFileType = text.xcconfig; name = "Pods-tumblrTests.release.xcconfig"; path = "Pods/Target Support Files/Pods-tumblrTests/Pods-tumblrTests.release.xcconfig"; sourceTree = "<group>"; };
		212E0504C7E6AB4CAD6BE3BA /* Pods-tumblr.release.xcconfig */ = {isa = PBXFileReference; includeInIndex = 1; lastKnownFileType = text.xcconfig; name = "Pods-tumblr.release.xcconfig"; path = "Pods/Target Support Files/Pods-tumblr/Pods-tumblr.release.xcconfig"; sourceTree = "<group>"; };
		2851E4820DAA9DDB70481EE9 /* Pods-tumblr.debug.xcconfig */ = {isa = PBXFileReference; includeInIndex = 1; lastKnownFileType = text.xcconfig; name = "Pods-tumblr.debug.xcconfig"; path = "Pods/Target Support Files/Pods-tumblr/Pods-tumblr.debug.xcconfig"; sourceTree = "<group>"; };
		50886EEBFC17064EBDD736D0 /* Pods_tumblr.framework */ = {isa = PBXFileReference; explicitFileType = wrapper.framework; includeInIndex = 0; path = Pods_tumblr.framework; sourceTree = BUILT_PRODUCTS_DIR; };
		9C15F26842959D3B2DC5F683 /* Pods-tumblrUITests.release.xcconfig */ = {isa = PBXFileReference; includeInIndex = 1; lastKnownFileType = text.xcconfig; name = "Pods-tumblrUITests.release.xcconfig"; path = "Pods/Target Support Files/Pods-tumblrUITests/Pods-tumblrUITests.release.xcconfig"; sourceTree = "<group>"; };
		A46BA26BA3982F3530A86682 /* Pods_tumblrUITests.framework */ = {isa = PBXFileReference; explicitFileType = wrapper.framework; includeInIndex = 0; path = Pods_tumblrUITests.framework; sourceTree = BUILT_PRODUCTS_DIR; };
		D61B1DF61C9170BDA3CC3E8B /* Pods-tumblrUITests.debug.xcconfig */ = {isa = PBXFileReference; includeInIndex = 1; lastKnownFileType = text.xcconfig; name = "Pods-tumblrUITests.debug.xcconfig"; path = "Pods/Target Support Files/Pods-tumblrUITests/Pods-tumblrUITests.debug.xcconfig"; sourceTree = "<group>"; };
		F44BA168F87CF6CDA108E331 /* Pods-tumblrTests.debug.xcconfig */ = {isa = PBXFileReference; includeInIndex = 1; lastKnownFileType = text.xcconfig; name = "Pods-tumblrTests.debug.xcconfig"; path = "Pods/Target Support Files/Pods-tumblrTests/Pods-tumblrTests.debug.xcconfig"; sourceTree = "<group>"; };
		F8665B57201D5E8B00D0E507 /* PhotoDetailsViewController.swift */ = {isa = PBXFileReference; lastKnownFileType = sourcecode.swift; path = PhotoDetailsViewController.swift; sourceTree = "<group>"; };
		F898201C202A65E900821E84 /* InfiniteScrollActivityView.swift */ = {isa = PBXFileReference; fileEncoding = 4; lastKnownFileType = sourcecode.swift; path = InfiniteScrollActivityView.swift; sourceTree = "<group>"; };
		F8D5F841201E504F008F40CC /* FullScreenPhotoViewController.swift */ = {isa = PBXFileReference; lastKnownFileType = sourcecode.swift; path = FullScreenPhotoViewController.swift; sourceTree = "<group>"; };
		F8FA7DD12016D231008A7BA1 /* tumblr.app */ = {isa = PBXFileReference; explicitFileType = wrapper.application; includeInIndex = 0; path = tumblr.app; sourceTree = BUILT_PRODUCTS_DIR; };
		F8FA7DD42016D231008A7BA1 /* AppDelegate.swift */ = {isa = PBXFileReference; lastKnownFileType = sourcecode.swift; path = AppDelegate.swift; sourceTree = "<group>"; };
		F8FA7DD92016D231008A7BA1 /* Base */ = {isa = PBXFileReference; lastKnownFileType = file.storyboard; name = Base; path = Base.lproj/Main.storyboard; sourceTree = "<group>"; };
		F8FA7DDB2016D231008A7BA1 /* Assets.xcassets */ = {isa = PBXFileReference; lastKnownFileType = folder.assetcatalog; path = Assets.xcassets; sourceTree = "<group>"; };
		F8FA7DDE2016D231008A7BA1 /* Base */ = {isa = PBXFileReference; lastKnownFileType = file.storyboard; name = Base; path = Base.lproj/LaunchScreen.storyboard; sourceTree = "<group>"; };
		F8FA7DE02016D231008A7BA1 /* Info.plist */ = {isa = PBXFileReference; lastKnownFileType = text.plist.xml; path = Info.plist; sourceTree = "<group>"; };
		F8FA7DE52016D231008A7BA1 /* tumblrTests.xctest */ = {isa = PBXFileReference; explicitFileType = wrapper.cfbundle; includeInIndex = 0; path = tumblrTests.xctest; sourceTree = BUILT_PRODUCTS_DIR; };
		F8FA7DE92016D231008A7BA1 /* tumblrTests.swift */ = {isa = PBXFileReference; lastKnownFileType = sourcecode.swift; path = tumblrTests.swift; sourceTree = "<group>"; };
		F8FA7DEB2016D232008A7BA1 /* Info.plist */ = {isa = PBXFileReference; lastKnownFileType = text.plist.xml; path = Info.plist; sourceTree = "<group>"; };
		F8FA7DF02016D232008A7BA1 /* tumblrUITests.xctest */ = {isa = PBXFileReference; explicitFileType = wrapper.cfbundle; includeInIndex = 0; path = tumblrUITests.xctest; sourceTree = BUILT_PRODUCTS_DIR; };
		F8FA7DF42016D232008A7BA1 /* tumblrUITests.swift */ = {isa = PBXFileReference; lastKnownFileType = sourcecode.swift; path = tumblrUITests.swift; sourceTree = "<group>"; };
		F8FA7DF62016D232008A7BA1 /* Info.plist */ = {isa = PBXFileReference; lastKnownFileType = text.plist.xml; path = Info.plist; sourceTree = "<group>"; };
		F8FA7E022016D2F0008A7BA1 /* PhotosViewController.swift */ = {isa = PBXFileReference; lastKnownFileType = sourcecode.swift; path = PhotosViewController.swift; sourceTree = "<group>"; };
		F8FA7E042016D59B008A7BA1 /* PhotoCell.swift */ = {isa = PBXFileReference; lastKnownFileType = sourcecode.swift; path = PhotoCell.swift; sourceTree = "<group>"; };
/* End PBXFileReference section */

/* Begin PBXFrameworksBuildPhase section */
		F8FA7DCE2016D231008A7BA1 /* Frameworks */ = {
			isa = PBXFrameworksBuildPhase;
			buildActionMask = 2147483647;
			files = (
				51A2637865B38AB319DF79F3 /* Pods_tumblr.framework in Frameworks */,
			);
			runOnlyForDeploymentPostprocessing = 0;
		};
		F8FA7DE22016D231008A7BA1 /* Frameworks */ = {
			isa = PBXFrameworksBuildPhase;
			buildActionMask = 2147483647;
			files = (
				AE623BF26F1540290F483636 /* Pods_tumblrTests.framework in Frameworks */,
			);
			runOnlyForDeploymentPostprocessing = 0;
		};
		F8FA7DED2016D232008A7BA1 /* Frameworks */ = {
			isa = PBXFrameworksBuildPhase;
			buildActionMask = 2147483647;
			files = (
				EC98F8DA02E6DAC6BB843E85 /* Pods_tumblrUITests.framework in Frameworks */,
			);
			runOnlyForDeploymentPostprocessing = 0;
		};
/* End PBXFrameworksBuildPhase section */

/* Begin PBXGroup section */
		8AF47E9A73F8727604090FA7 /* Pods */ = {
			isa = PBXGroup;
			children = (
				2851E4820DAA9DDB70481EE9 /* Pods-tumblr.debug.xcconfig */,
				212E0504C7E6AB4CAD6BE3BA /* Pods-tumblr.release.xcconfig */,
				F44BA168F87CF6CDA108E331 /* Pods-tumblrTests.debug.xcconfig */,
				20189AF4BC8E4EFC7FE0A38D /* Pods-tumblrTests.release.xcconfig */,
				D61B1DF61C9170BDA3CC3E8B /* Pods-tumblrUITests.debug.xcconfig */,
				9C15F26842959D3B2DC5F683 /* Pods-tumblrUITests.release.xcconfig */,
			);
			name = Pods;
			sourceTree = "<group>";
		};
		CAFE29BA2ECBB26DAF6C94E0 /* Frameworks */ = {
			isa = PBXGroup;
			children = (
				50886EEBFC17064EBDD736D0 /* Pods_tumblr.framework */,
				0A2F4CB0C1B89DB6B4A9D533 /* Pods_tumblrTests.framework */,
				A46BA26BA3982F3530A86682 /* Pods_tumblrUITests.framework */,
			);
			name = Frameworks;
			sourceTree = "<group>";
		};
		F8D5F843201E5066008F40CC /* view controllers */ = {
			isa = PBXGroup;
			children = (
				F8D5F841201E504F008F40CC /* FullScreenPhotoViewController.swift */,
				F8665B57201D5E8B00D0E507 /* PhotoDetailsViewController.swift */,
				F898201C202A65E900821E84 /* InfiniteScrollActivityView.swift */,
				F8FA7E022016D2F0008A7BA1 /* PhotosViewController.swift */,
			);
			path = "view controllers";
			sourceTree = "<group>";
		};
		F8FA7DC82016D231008A7BA1 = {
			isa = PBXGroup;
			children = (
				F8FA7DD32016D231008A7BA1 /* tumblr */,
				F8FA7DE82016D231008A7BA1 /* tumblrTests */,
				F8FA7DF32016D232008A7BA1 /* tumblrUITests */,
				F8FA7DD22016D231008A7BA1 /* Products */,
				8AF47E9A73F8727604090FA7 /* Pods */,
				CAFE29BA2ECBB26DAF6C94E0 /* Frameworks */,
			);
			sourceTree = "<group>";
		};
		F8FA7DD22016D231008A7BA1 /* Products */ = {
			isa = PBXGroup;
			children = (
				F8FA7DD12016D231008A7BA1 /* tumblr.app */,
				F8FA7DE52016D231008A7BA1 /* tumblrTests.xctest */,
				F8FA7DF02016D232008A7BA1 /* tumblrUITests.xctest */,
			);
			name = Products;
			sourceTree = "<group>";
		};
		F8FA7DD32016D231008A7BA1 /* tumblr */ = {
			isa = PBXGroup;
			children = (
				F8D5F843201E5066008F40CC /* view controllers */,
				F8FA7DD42016D231008A7BA1 /* AppDelegate.swift */,
				F8FA7DD82016D231008A7BA1 /* Main.storyboard */,
				F8FA7DDB2016D231008A7BA1 /* Assets.xcassets */,
				F8FA7DDD2016D231008A7BA1 /* LaunchScreen.storyboard */,
				F8FA7DE02016D231008A7BA1 /* Info.plist */,
				F8FA7E042016D59B008A7BA1 /* PhotoCell.swift */,
			);
			path = tumblr;
			sourceTree = "<group>";
		};
		F8FA7DE82016D231008A7BA1 /* tumblrTests */ = {
			isa = PBXGroup;
			children = (
				F8FA7DE92016D231008A7BA1 /* tumblrTests.swift */,
				F8FA7DEB2016D232008A7BA1 /* Info.plist */,
			);
			path = tumblrTests;
			sourceTree = "<group>";
		};
		F8FA7DF32016D232008A7BA1 /* tumblrUITests */ = {
			isa = PBXGroup;
			children = (
				F8FA7DF42016D232008A7BA1 /* tumblrUITests.swift */,
				F8FA7DF62016D232008A7BA1 /* Info.plist */,
			);
			path = tumblrUITests;
			sourceTree = "<group>";
		};
/* End PBXGroup section */

/* Begin PBXNativeTarget section */
		F8FA7DD02016D231008A7BA1 /* tumblr */ = {
			isa = PBXNativeTarget;
			buildConfigurationList = F8FA7DF92016D232008A7BA1 /* Build configuration list for PBXNativeTarget "tumblr" */;
			buildPhases = (
				6F8EEC2DA2D2C09318122961 /* [CP] Check Pods Manifest.lock */,
				F8FA7DCD2016D231008A7BA1 /* Sources */,
				F8FA7DCE2016D231008A7BA1 /* Frameworks */,
				F8FA7DCF2016D231008A7BA1 /* Resources */,
				9B110267C2E94B798B97B741 /* [CP] Embed Pods Frameworks */,
				A88FDAF59CEB8483F79F9405 /* [CP] Copy Pods Resources */,
			);
			buildRules = (
			);
			dependencies = (
			);
			name = tumblr;
			productName = tumblr;
			productReference = F8FA7DD12016D231008A7BA1 /* tumblr.app */;
			productType = "com.apple.product-type.application";
		};
		F8FA7DE42016D231008A7BA1 /* tumblrTests */ = {
			isa = PBXNativeTarget;
			buildConfigurationList = F8FA7DFC2016D232008A7BA1 /* Build configuration list for PBXNativeTarget "tumblrTests" */;
			buildPhases = (
				B80FF539D203AD7B179094FB /* [CP] Check Pods Manifest.lock */,
				F8FA7DE12016D231008A7BA1 /* Sources */,
				F8FA7DE22016D231008A7BA1 /* Frameworks */,
				F8FA7DE32016D231008A7BA1 /* Resources */,
				7CE84A32059A4EAB1340F35B /* [CP] Embed Pods Frameworks */,
				7CF2AAFA6A7B74CE4EC425DC /* [CP] Copy Pods Resources */,
			);
			buildRules = (
			);
			dependencies = (
				F8FA7DE72016D231008A7BA1 /* PBXTargetDependency */,
			);
			name = tumblrTests;
			productName = tumblrTests;
			productReference = F8FA7DE52016D231008A7BA1 /* tumblrTests.xctest */;
			productType = "com.apple.product-type.bundle.unit-test";
		};
		F8FA7DEF2016D232008A7BA1 /* tumblrUITests */ = {
			isa = PBXNativeTarget;
			buildConfigurationList = F8FA7DFF2016D232008A7BA1 /* Build configuration list for PBXNativeTarget "tumblrUITests" */;
			buildPhases = (
				C914D346A87F85C302ADA2E4 /* [CP] Check Pods Manifest.lock */,
				F8FA7DEC2016D232008A7BA1 /* Sources */,
				F8FA7DED2016D232008A7BA1 /* Frameworks */,
				F8FA7DEE2016D232008A7BA1 /* Resources */,
				40830A3A41D06A2460E1D131 /* [CP] Embed Pods Frameworks */,
				94D85D841357063561EF3127 /* [CP] Copy Pods Resources */,
			);
			buildRules = (
			);
			dependencies = (
				F8FA7DF22016D232008A7BA1 /* PBXTargetDependency */,
			);
			name = tumblrUITests;
			productName = tumblrUITests;
			productReference = F8FA7DF02016D232008A7BA1 /* tumblrUITests.xctest */;
			productType = "com.apple.product-type.bundle.ui-testing";
		};
/* End PBXNativeTarget section */

/* Begin PBXProject section */
		F8FA7DC92016D231008A7BA1 /* Project object */ = {
			isa = PBXProject;
			attributes = {
				LastSwiftUpdateCheck = 0920;
				LastUpgradeCheck = 0920;
				ORGANIZATIONNAME = "Anish Adhikari";
				TargetAttributes = {
					F8FA7DD02016D231008A7BA1 = {
						CreatedOnToolsVersion = 9.2;
						ProvisioningStyle = Automatic;
					};
					F8FA7DE42016D231008A7BA1 = {
						CreatedOnToolsVersion = 9.2;
						ProvisioningStyle = Automatic;
						TestTargetID = F8FA7DD02016D231008A7BA1;
					};
					F8FA7DEF2016D232008A7BA1 = {
						CreatedOnToolsVersion = 9.2;
						ProvisioningStyle = Automatic;
						TestTargetID = F8FA7DD02016D231008A7BA1;
					};
				};
			};
			buildConfigurationList = F8FA7DCC2016D231008A7BA1 /* Build configuration list for PBXProject "tumblr" */;
			compatibilityVersion = "Xcode 8.0";
			developmentRegion = en;
			hasScannedForEncodings = 0;
			knownRegions = (
				en,
				Base,
			);
			mainGroup = F8FA7DC82016D231008A7BA1;
			productRefGroup = F8FA7DD22016D231008A7BA1 /* Products */;
			projectDirPath = "";
			projectRoot = "";
			targets = (
				F8FA7DD02016D231008A7BA1 /* tumblr */,
				F8FA7DE42016D231008A7BA1 /* tumblrTests */,
				F8FA7DEF2016D232008A7BA1 /* tumblrUITests */,
			);
		};
/* End PBXProject section */

/* Begin PBXResourcesBuildPhase section */
		F8FA7DCF2016D231008A7BA1 /* Resources */ = {
			isa = PBXResourcesBuildPhase;
			buildActionMask = 2147483647;
			files = (
				F8FA7DDF2016D231008A7BA1 /* LaunchScreen.storyboard in Resources */,
				F8FA7DDC2016D231008A7BA1 /* Assets.xcassets in Resources */,
				F8FA7DDA2016D231008A7BA1 /* Main.storyboard in Resources */,
			);
			runOnlyForDeploymentPostprocessing = 0;
		};
		F8FA7DE32016D231008A7BA1 /* Resources */ = {
			isa = PBXResourcesBuildPhase;
			buildActionMask = 2147483647;
			files = (
			);
			runOnlyForDeploymentPostprocessing = 0;
		};
		F8FA7DEE2016D232008A7BA1 /* Resources */ = {
			isa = PBXResourcesBuildPhase;
			buildActionMask = 2147483647;
			files = (
			);
			runOnlyForDeploymentPostprocessing = 0;
		};
/* End PBXResourcesBuildPhase section */

/* Begin PBXShellScriptBuildPhase section */
		40830A3A41D06A2460E1D131 /* [CP] Embed Pods Frameworks */ = {
			isa = PBXShellScriptBuildPhase;
			buildActionMask = 2147483647;
			files = (
			);
			inputPaths = (
			);
			name = "[CP] Embed Pods Frameworks";
			outputPaths = (
			);
			runOnlyForDeploymentPostprocessing = 0;
			shellPath = /bin/sh;
			shellScript = "\"${SRCROOT}/Pods/Target Support Files/Pods-tumblrUITests/Pods-tumblrUITests-frameworks.sh\"\n";
			showEnvVarsInLog = 0;
		};
		6F8EEC2DA2D2C09318122961 /* [CP] Check Pods Manifest.lock */ = {
			isa = PBXShellScriptBuildPhase;
			buildActionMask = 2147483647;
			files = (
			);
			inputPaths = (
				"${PODS_PODFILE_DIR_PATH}/Podfile.lock",
				"${PODS_ROOT}/Manifest.lock",
			);
			name = "[CP] Check Pods Manifest.lock";
			outputPaths = (
				"$(DERIVED_FILE_DIR)/Pods-tumblr-checkManifestLockResult.txt",
			);
			runOnlyForDeploymentPostprocessing = 0;
			shellPath = /bin/sh;
			shellScript = "diff \"${PODS_PODFILE_DIR_PATH}/Podfile.lock\" \"${PODS_ROOT}/Manifest.lock\" > /dev/null\nif [ $? != 0 ] ; then\n    # print error to STDERR\n    echo \"error: The sandbox is not in sync with the Podfile.lock. Run 'pod install' or update your CocoaPods installation.\" >&2\n    exit 1\nfi\n# This output is used by Xcode 'outputs' to avoid re-running this script phase.\necho \"SUCCESS\" > \"${SCRIPT_OUTPUT_FILE_0}\"\n";
			showEnvVarsInLog = 0;
		};
		7CE84A32059A4EAB1340F35B /* [CP] Embed Pods Frameworks */ = {
			isa = PBXShellScriptBuildPhase;
			buildActionMask = 2147483647;
			files = (
			);
			inputPaths = (
			);
			name = "[CP] Embed Pods Frameworks";
			outputPaths = (
			);
			runOnlyForDeploymentPostprocessing = 0;
			shellPath = /bin/sh;
			shellScript = "\"${SRCROOT}/Pods/Target Support Files/Pods-tumblrTests/Pods-tumblrTests-frameworks.sh\"\n";
			showEnvVarsInLog = 0;
		};
		7CF2AAFA6A7B74CE4EC425DC /* [CP] Copy Pods Resources */ = {
			isa = PBXShellScriptBuildPhase;
			buildActionMask = 2147483647;
			files = (
			);
			inputPaths = (
			);
			name = "[CP] Copy Pods Resources";
			outputPaths = (
			);
			runOnlyForDeploymentPostprocessing = 0;
			shellPath = /bin/sh;
			shellScript = "\"${SRCROOT}/Pods/Target Support Files/Pods-tumblrTests/Pods-tumblrTests-resources.sh\"\n";
			showEnvVarsInLog = 0;
		};
		94D85D841357063561EF3127 /* [CP] Copy Pods Resources */ = {
			isa = PBXShellScriptBuildPhase;
			buildActionMask = 2147483647;
			files = (
			);
			inputPaths = (
			);
			name = "[CP] Copy Pods Resources";
			outputPaths = (
			);
			runOnlyForDeploymentPostprocessing = 0;
			shellPath = /bin/sh;
			shellScript = "\"${SRCROOT}/Pods/Target Support Files/Pods-tumblrUITests/Pods-tumblrUITests-resources.sh\"\n";
			showEnvVarsInLog = 0;
		};
		9B110267C2E94B798B97B741 /* [CP] Embed Pods Frameworks */ = {
			isa = PBXShellScriptBuildPhase;
			buildActionMask = 2147483647;
			files = (
			);
			inputPaths = (
				"${SRCROOT}/Pods/Target Support Files/Pods-tumblr/Pods-tumblr-frameworks.sh",
				"${BUILT_PRODUCTS_DIR}/Alamofire/Alamofire.framework",
				"${BUILT_PRODUCTS_DIR}/AlamofireImage/AlamofireImage.framework",
			);
			name = "[CP] Embed Pods Frameworks";
			outputPaths = (
				"${TARGET_BUILD_DIR}/${FRAMEWORKS_FOLDER_PATH}/Alamofire.framework",
				"${TARGET_BUILD_DIR}/${FRAMEWORKS_FOLDER_PATH}/AlamofireImage.framework",
			);
			runOnlyForDeploymentPostprocessing = 0;
			shellPath = /bin/sh;
			shellScript = "\"${SRCROOT}/Pods/Target Support Files/Pods-tumblr/Pods-tumblr-frameworks.sh\"\n";
			showEnvVarsInLog = 0;
		};
		A88FDAF59CEB8483F79F9405 /* [CP] Copy Pods Resources */ = {
			isa = PBXShellScriptBuildPhase;
			buildActionMask = 2147483647;
			files = (
			);
			inputPaths = (
			);
			name = "[CP] Copy Pods Resources";
			outputPaths = (
			);
			runOnlyForDeploymentPostprocessing = 0;
			shellPath = /bin/sh;
			shellScript = "\"${SRCROOT}/Pods/Target Support Files/Pods-tumblr/Pods-tumblr-resources.sh\"\n";
			showEnvVarsInLog = 0;
		};
		B80FF539D203AD7B179094FB /* [CP] Check Pods Manifest.lock */ = {
			isa = PBXShellScriptBuildPhase;
			buildActionMask = 2147483647;
			files = (
			);
			inputPaths = (
				"${PODS_PODFILE_DIR_PATH}/Podfile.lock",
				"${PODS_ROOT}/Manifest.lock",
			);
			name = "[CP] Check Pods Manifest.lock";
			outputPaths = (
				"$(DERIVED_FILE_DIR)/Pods-tumblrTests-checkManifestLockResult.txt",
			);
			runOnlyForDeploymentPostprocessing = 0;
			shellPath = /bin/sh;
			shellScript = "diff \"${PODS_PODFILE_DIR_PATH}/Podfile.lock\" \"${PODS_ROOT}/Manifest.lock\" > /dev/null\nif [ $? != 0 ] ; then\n    # print error to STDERR\n    echo \"error: The sandbox is not in sync with the Podfile.lock. Run 'pod install' or update your CocoaPods installation.\" >&2\n    exit 1\nfi\n# This output is used by Xcode 'outputs' to avoid re-running this script phase.\necho \"SUCCESS\" > \"${SCRIPT_OUTPUT_FILE_0}\"\n";
			showEnvVarsInLog = 0;
		};
		C914D346A87F85C302ADA2E4 /* [CP] Check Pods Manifest.lock */ = {
			isa = PBXShellScriptBuildPhase;
			buildActionMask = 2147483647;
			files = (
			);
			inputPaths = (
				"${PODS_PODFILE_DIR_PATH}/Podfile.lock",
				"${PODS_ROOT}/Manifest.lock",
			);
			name = "[CP] Check Pods Manifest.lock";
			outputPaths = (
				"$(DERIVED_FILE_DIR)/Pods-tumblrUITests-checkManifestLockResult.txt",
			);
			runOnlyForDeploymentPostprocessing = 0;
			shellPath = /bin/sh;
			shellScript = "diff \"${PODS_PODFILE_DIR_PATH}/Podfile.lock\" \"${PODS_ROOT}/Manifest.lock\" > /dev/null\nif [ $? != 0 ] ; then\n    # print error to STDERR\n    echo \"error: The sandbox is not in sync with the Podfile.lock. Run 'pod install' or update your CocoaPods installation.\" >&2\n    exit 1\nfi\n# This output is used by Xcode 'outputs' to avoid re-running this script phase.\necho \"SUCCESS\" > \"${SCRIPT_OUTPUT_FILE_0}\"\n";
			showEnvVarsInLog = 0;
		};
/* End PBXShellScriptBuildPhase section */

/* Begin PBXSourcesBuildPhase section */
		F8FA7DCD2016D231008A7BA1 /* Sources */ = {
			isa = PBXSourcesBuildPhase;
			buildActionMask = 2147483647;
			files = (
				F898201D202A65E900821E84 /* InfiniteScrollActivityView.swift in Sources */,
				F8665B58201D5E8B00D0E507 /* PhotoDetailsViewController.swift in Sources */,
				F8FA7DD52016D231008A7BA1 /* AppDelegate.swift in Sources */,
				F8FA7E052016D59B008A7BA1 /* PhotoCell.swift in Sources */,
				F8FA7E032016D2F0008A7BA1 /* PhotosViewController.swift in Sources */,
				F8D5F842201E504F008F40CC /* FullScreenPhotoViewController.swift in Sources */,
			);
			runOnlyForDeploymentPostprocessing = 0;
		};
		F8FA7DE12016D231008A7BA1 /* Sources */ = {
			isa = PBXSourcesBuildPhase;
			buildActionMask = 2147483647;
			files = (
				F8FA7DEA2016D231008A7BA1 /* tumblrTests.swift in Sources */,
			);
			runOnlyForDeploymentPostprocessing = 0;
		};
		F8FA7DEC2016D232008A7BA1 /* Sources */ = {
			isa = PBXSourcesBuildPhase;
			buildActionMask = 2147483647;
			files = (
				F8FA7DF52016D232008A7BA1 /* tumblrUITests.swift in Sources */,
			);
			runOnlyForDeploymentPostprocessing = 0;
		};
/* End PBXSourcesBuildPhase section */

/* Begin PBXTargetDependency section */
		F8FA7DE72016D231008A7BA1 /* PBXTargetDependency */ = {
			isa = PBXTargetDependency;
			target = F8FA7DD02016D231008A7BA1 /* tumblr */;
			targetProxy = F8FA7DE62016D231008A7BA1 /* PBXContainerItemProxy */;
		};
		F8FA7DF22016D232008A7BA1 /* PBXTargetDependency */ = {
			isa = PBXTargetDependency;
			target = F8FA7DD02016D231008A7BA1 /* tumblr */;
			targetProxy = F8FA7DF12016D232008A7BA1 /* PBXContainerItemProxy */;
		};
/* End PBXTargetDependency section */

/* Begin PBXVariantGroup section */
		F8FA7DD82016D231008A7BA1 /* Main.storyboard */ = {
			isa = PBXVariantGroup;
			children = (
				F8FA7DD92016D231008A7BA1 /* Base */,
			);
			name = Main.storyboard;
			sourceTree = "<group>";
		};
		F8FA7DDD2016D231008A7BA1 /* LaunchScreen.storyboard */ = {
			isa = PBXVariantGroup;
			children = (
				F8FA7DDE2016D231008A7BA1 /* Base */,
			);
			name = LaunchScreen.storyboard;
			sourceTree = "<group>";
		};
/* End PBXVariantGroup section */

/* Begin XCBuildConfiguration section */
		F8FA7DF72016D232008A7BA1 /* Debug */ = {
			isa = XCBuildConfiguration;
			buildSettings = {
				ALWAYS_SEARCH_USER_PATHS = NO;
				CLANG_ANALYZER_NONNULL = YES;
				CLANG_ANALYZER_NUMBER_OBJECT_CONVERSION = YES_AGGRESSIVE;
				CLANG_CXX_LANGUAGE_STANDARD = "gnu++14";
				CLANG_CXX_LIBRARY = "libc++";
				CLANG_ENABLE_MODULES = YES;
				CLANG_ENABLE_OBJC_ARC = YES;
				CLANG_WARN_BLOCK_CAPTURE_AUTORELEASING = YES;
				CLANG_WARN_BOOL_CONVERSION = YES;
				CLANG_WARN_COMMA = YES;
				CLANG_WARN_CONSTANT_CONVERSION = YES;
				CLANG_WARN_DIRECT_OBJC_ISA_USAGE = YES_ERROR;
				CLANG_WARN_DOCUMENTATION_COMMENTS = YES;
				CLANG_WARN_EMPTY_BODY = YES;
				CLANG_WARN_ENUM_CONVERSION = YES;
				CLANG_WARN_INFINITE_RECURSION = YES;
				CLANG_WARN_INT_CONVERSION = YES;
				CLANG_WARN_NON_LITERAL_NULL_CONVERSION = YES;
				CLANG_WARN_OBJC_LITERAL_CONVERSION = YES;
				CLANG_WARN_OBJC_ROOT_CLASS = YES_ERROR;
				CLANG_WARN_RANGE_LOOP_ANALYSIS = YES;
				CLANG_WARN_STRICT_PROTOTYPES = YES;
				CLANG_WARN_SUSPICIOUS_MOVE = YES;
				CLANG_WARN_UNGUARDED_AVAILABILITY = YES_AGGRESSIVE;
				CLANG_WARN_UNREACHABLE_CODE = YES;
				CLANG_WARN__DUPLICATE_METHOD_MATCH = YES;
				CODE_SIGN_IDENTITY = "iPhone Developer";
				COPY_PHASE_STRIP = NO;
				DEBUG_INFORMATION_FORMAT = dwarf;
				ENABLE_STRICT_OBJC_MSGSEND = YES;
				ENABLE_TESTABILITY = YES;
				GCC_C_LANGUAGE_STANDARD = gnu11;
				GCC_DYNAMIC_NO_PIC = NO;
				GCC_NO_COMMON_BLOCKS = YES;
				GCC_OPTIMIZATION_LEVEL = 0;
				GCC_PREPROCESSOR_DEFINITIONS = (
					"DEBUG=1",
					"$(inherited)",
				);
				GCC_WARN_64_TO_32_BIT_CONVERSION = YES;
				GCC_WARN_ABOUT_RETURN_TYPE = YES_ERROR;
				GCC_WARN_UNDECLARED_SELECTOR = YES;
				GCC_WARN_UNINITIALIZED_AUTOS = YES_AGGRESSIVE;
				GCC_WARN_UNUSED_FUNCTION = YES;
				GCC_WARN_UNUSED_VARIABLE = YES;
				IPHONEOS_DEPLOYMENT_TARGET = 11.2;
				MTL_ENABLE_DEBUG_INFO = YES;
				ONLY_ACTIVE_ARCH = YES;
				SDKROOT = iphoneos;
				SWIFT_ACTIVE_COMPILATION_CONDITIONS = DEBUG;
				SWIFT_OPTIMIZATION_LEVEL = "-Onone";
			};
			name = Debug;
		};
		F8FA7DF82016D232008A7BA1 /* Release */ = {
			isa = XCBuildConfiguration;
			buildSettings = {
				ALWAYS_SEARCH_USER_PATHS = NO;
				CLANG_ANALYZER_NONNULL = YES;
				CLANG_ANALYZER_NUMBER_OBJECT_CONVERSION = YES_AGGRESSIVE;
				CLANG_CXX_LANGUAGE_STANDARD = "gnu++14";
				CLANG_CXX_LIBRARY = "libc++";
				CLANG_ENABLE_MODULES = YES;
				CLANG_ENABLE_OBJC_ARC = YES;
				CLANG_WARN_BLOCK_CAPTURE_AUTORELEASING = YES;
				CLANG_WARN_BOOL_CONVERSION = YES;
				CLANG_WARN_COMMA = YES;
				CLANG_WARN_CONSTANT_CONVERSION = YES;
				CLANG_WARN_DIRECT_OBJC_ISA_USAGE = YES_ERROR;
				CLANG_WARN_DOCUMENTATION_COMMENTS = YES;
				CLANG_WARN_EMPTY_BODY = YES;
				CLANG_WARN_ENUM_CONVERSION = YES;
				CLANG_WARN_INFINITE_RECURSION = YES;
				CLANG_WARN_INT_CONVERSION = YES;
				CLANG_WARN_NON_LITERAL_NULL_CONVERSION = YES;
				CLANG_WARN_OBJC_LITERAL_CONVERSION = YES;
				CLANG_WARN_OBJC_ROOT_CLASS = YES_ERROR;
				CLANG_WARN_RANGE_LOOP_ANALYSIS = YES;
				CLANG_WARN_STRICT_PROTOTYPES = YES;
				CLANG_WARN_SUSPICIOUS_MOVE = YES;
				CLANG_WARN_UNGUARDED_AVAILABILITY = YES_AGGRESSIVE;
				CLANG_WARN_UNREACHABLE_CODE = YES;
				CLANG_WARN__DUPLICATE_METHOD_MATCH = YES;
				CODE_SIGN_IDENTITY = "iPhone Developer";
				COPY_PHASE_STRIP = NO;
				DEBUG_INFORMATION_FORMAT = "dwarf-with-dsym";
				ENABLE_NS_ASSERTIONS = NO;
				ENABLE_STRICT_OBJC_MSGSEND = YES;
				GCC_C_LANGUAGE_STANDARD = gnu11;
				GCC_NO_COMMON_BLOCKS = YES;
				GCC_WARN_64_TO_32_BIT_CONVERSION = YES;
				GCC_WARN_ABOUT_RETURN_TYPE = YES_ERROR;
				GCC_WARN_UNDECLARED_SELECTOR = YES;
				GCC_WARN_UNINITIALIZED_AUTOS = YES_AGGRESSIVE;
				GCC_WARN_UNUSED_FUNCTION = YES;
				GCC_WARN_UNUSED_VARIABLE = YES;
				IPHONEOS_DEPLOYMENT_TARGET = 11.2;
				MTL_ENABLE_DEBUG_INFO = NO;
				SDKROOT = iphoneos;
				SWIFT_OPTIMIZATION_LEVEL = "-Owholemodule";
				VALIDATE_PRODUCT = YES;
			};
			name = Release;
		};
		F8FA7DFA2016D232008A7BA1 /* Debug */ = {
			isa = XCBuildConfiguration;
			baseConfigurationReference = 2851E4820DAA9DDB70481EE9 /* Pods-tumblr.debug.xcconfig */;
			buildSettings = {
				ASSETCATALOG_COMPILER_APPICON_NAME = AppIcon;
				CODE_SIGN_STYLE = Automatic;
				DEVELOPMENT_TEAM = 6JTJHCFQH8;
				INFOPLIST_FILE = tumblr/Info.plist;
				LD_RUNPATH_SEARCH_PATHS = "$(inherited) @executable_path/Frameworks";
				PRODUCT_BUNDLE_IDENTIFIER = "Howard-University-Student.tumblr";
				PRODUCT_NAME = "$(TARGET_NAME)";
				SWIFT_VERSION = 4.0;
				TARGETED_DEVICE_FAMILY = "1,2";
			};
			name = Debug;
		};
		F8FA7DFB2016D232008A7BA1 /* Release */ = {
			isa = XCBuildConfiguration;
			baseConfigurationReference = 212E0504C7E6AB4CAD6BE3BA /* Pods-tumblr.release.xcconfig */;
			buildSettings = {
				ASSETCATALOG_COMPILER_APPICON_NAME = AppIcon;
				CODE_SIGN_STYLE = Automatic;
				DEVELOPMENT_TEAM = 6JTJHCFQH8;
				INFOPLIST_FILE = tumblr/Info.plist;
				LD_RUNPATH_SEARCH_PATHS = "$(inherited) @executable_path/Frameworks";
				PRODUCT_BUNDLE_IDENTIFIER = "Howard-University-Student.tumblr";
				PRODUCT_NAME = "$(TARGET_NAME)";
				SWIFT_VERSION = 4.0;
				TARGETED_DEVICE_FAMILY = "1,2";
			};
			name = Release;
		};
		F8FA7DFD2016D232008A7BA1 /* Debug */ = {
			isa = XCBuildConfiguration;
			baseConfigurationReference = F44BA168F87CF6CDA108E331 /* Pods-tumblrTests.debug.xcconfig */;
			buildSettings = {
				ALWAYS_EMBED_SWIFT_STANDARD_LIBRARIES = YES;
				BUNDLE_LOADER = "$(TEST_HOST)";
				CODE_SIGN_STYLE = Automatic;
				DEVELOPMENT_TEAM = 6JTJHCFQH8;
				INFOPLIST_FILE = tumblrTests/Info.plist;
				LD_RUNPATH_SEARCH_PATHS = "$(inherited) @executable_path/Frameworks @loader_path/Frameworks";
				PRODUCT_BUNDLE_IDENTIFIER = "Howard-University-Student.tumblrTests";
				PRODUCT_NAME = "$(TARGET_NAME)";
				SWIFT_VERSION = 4.0;
				TARGETED_DEVICE_FAMILY = "1,2";
				TEST_HOST = "$(BUILT_PRODUCTS_DIR)/tumblr.app/tumblr";
			};
			name = Debug;
		};
		F8FA7DFE2016D232008A7BA1 /* Release */ = {
			isa = XCBuildConfiguration;
			baseConfigurationReference = 20189AF4BC8E4EFC7FE0A38D /* Pods-tumblrTests.release.xcconfig */;
			buildSettings = {
				ALWAYS_EMBED_SWIFT_STANDARD_LIBRARIES = YES;
				BUNDLE_LOADER = "$(TEST_HOST)";
				CODE_SIGN_STYLE = Automatic;
				DEVELOPMENT_TEAM = 6JTJHCFQH8;
				INFOPLIST_FILE = tumblrTests/Info.plist;
				LD_RUNPATH_SEARCH_PATHS = "$(inherited) @executable_path/Frameworks @loader_path/Frameworks";
				PRODUCT_BUNDLE_IDENTIFIER = "Howard-University-Student.tumblrTests";
				PRODUCT_NAME = "$(TARGET_NAME)";
				SWIFT_VERSION = 4.0;
				TARGETED_DEVICE_FAMILY = "1,2";
				TEST_HOST = "$(BUILT_PRODUCTS_DIR)/tumblr.app/tumblr";
			};
			name = Release;
		};
		F8FA7E002016D232008A7BA1 /* Debug */ = {
			isa = XCBuildConfiguration;
			baseConfigurationReference = D61B1DF61C9170BDA3CC3E8B /* Pods-tumblrUITests.debug.xcconfig */;
			buildSettings = {
				ALWAYS_EMBED_SWIFT_STANDARD_LIBRARIES = YES;
				CODE_SIGN_STYLE = Automatic;
				DEVELOPMENT_TEAM = 6JTJHCFQH8;
				INFOPLIST_FILE = tumblrUITests/Info.plist;
				LD_RUNPATH_SEARCH_PATHS = "$(inherited) @executable_path/Frameworks @loader_path/Frameworks";
				PRODUCT_BUNDLE_IDENTIFIER = "Howard-University-Student.tumblrUITests";
				PRODUCT_NAME = "$(TARGET_NAME)";
				SWIFT_VERSION = 4.0;
				TARGETED_DEVICE_FAMILY = "1,2";
				TEST_TARGET_NAME = tumblr;
			};
			name = Debug;
		};
		F8FA7E012016D232008A7BA1 /* Release */ = {
			isa = XCBuildConfiguration;
			baseConfigurationReference = 9C15F26842959D3B2DC5F683 /* Pods-tumblrUITests.release.xcconfig */;
			buildSettings = {
				ALWAYS_EMBED_SWIFT_STANDARD_LIBRARIES = YES;
				CODE_SIGN_STYLE = Automatic;
				DEVELOPMENT_TEAM = 6JTJHCFQH8;
				INFOPLIST_FILE = tumblrUITests/Info.plist;
				LD_RUNPATH_SEARCH_PATHS = "$(inherited) @executable_path/Frameworks @loader_path/Frameworks";
				PRODUCT_BUNDLE_IDENTIFIER = "Howard-University-Student.tumblrUITests";
				PRODUCT_NAME = "$(TARGET_NAME)";
				SWIFT_VERSION = 4.0;
				TARGETED_DEVICE_FAMILY = "1,2";
				TEST_TARGET_NAME = tumblr;
			};
			name = Release;
		};
/* End XCBuildConfiguration section */

/* Begin XCConfigurationList section */
		F8FA7DCC2016D231008A7BA1 /* Build configuration list for PBXProject "tumblr" */ = {
			isa = XCConfigurationList;
			buildConfigurations = (
				F8FA7DF72016D232008A7BA1 /* Debug */,
				F8FA7DF82016D232008A7BA1 /* Release */,
			);
			defaultConfigurationIsVisible = 0;
			defaultConfigurationName = Release;
		};
		F8FA7DF92016D232008A7BA1 /* Build configuration list for PBXNativeTarget "tumblr" */ = {
			isa = XCConfigurationList;
			buildConfigurations = (
				F8FA7DFA2016D232008A7BA1 /* Debug */,
				F8FA7DFB2016D232008A7BA1 /* Release */,
			);
			defaultConfigurationIsVisible = 0;
			defaultConfigurationName = Release;
		};
		F8FA7DFC2016D232008A7BA1 /* Build configuration list for PBXNativeTarget "tumblrTests" */ = {
			isa = XCConfigurationList;
			buildConfigurations = (
				F8FA7DFD2016D232008A7BA1 /* Debug */,
				F8FA7DFE2016D232008A7BA1 /* Release */,
			);
			defaultConfigurationIsVisible = 0;
			defaultConfigurationName = Release;
		};
		F8FA7DFF2016D232008A7BA1 /* Build configuration list for PBXNativeTarget "tumblrUITests" */ = {
			isa = XCConfigurationList;
			buildConfigurations = (
				F8FA7E002016D232008A7BA1 /* Debug */,
				F8FA7E012016D232008A7BA1 /* Release */,
			);
			defaultConfigurationIsVisible = 0;
			defaultConfigurationName = Release;
		};
/* End XCConfigurationList section */
	};
	rootObject = F8FA7DC92016D231008A7BA1 /* Project object */;
}
